{
  "version": 4,
  "terraform_version": "1.13.4",
  "serial": 18,
  "lineage": "894518b6-649f-bd87-b0bd-1d444d156ee7",
  "outputs": {},
  "resources": [
    {
      "mode": "data",
      "type": "template_file",
      "name": "user_data",
      "provider": "provider[\"registry.terraform.io/hashicorp/template\"]",
      "instances": [
        {
          "schema_version": 0,
          "attributes": {
            "filename": null,
            "id": "c4cf7c207129531097b9f687558997426da02aaa454dc7652ab7bf65621a6a7c",
            "rendered": "#cloud-config\nhostname: archlinux\n\nssh_pwauth: false\nallow_public_ssh_keys: true\n\nusers:\n  - name: archlinux\n    shell: /bin/bash\n    sudo: \"ALL=(ALL) NOPASSWD:ALL\"\n    groups: wheel\n    lock_passwd: false\n    passwd: $6$hoEyHGCs56ArGwAK$XTGggRyGn97UaP1SmRQVYXz/bcyUhxYRVLomV101w0SWJKF2TqpCpeQvyPmqcEHyzNgNPsdfVm2Q8q.iIIOiY.\n    ssh_authorized_keys: \n      - ssh-ed25519 AAAAC3NzaC1lZDI1NTE5AAAAIHhDDEDtMZlS6WijXJ4Fd9fH7i7e6Gd0IZGzIztC5cTE alvesmarcelocf@proton.me\n\npackage_update: true\npackage_upgrade: true\n",
            "template": "#cloud-config\nhostname: archlinux\n\nssh_pwauth: false\nallow_public_ssh_keys: true\n\nusers:\n  - name: archlinux\n    shell: /bin/bash\n    sudo: \"ALL=(ALL) NOPASSWD:ALL\"\n    groups: wheel\n    lock_passwd: false\n    passwd: $6$hoEyHGCs56ArGwAK$XTGggRyGn97UaP1SmRQVYXz/bcyUhxYRVLomV101w0SWJKF2TqpCpeQvyPmqcEHyzNgNPsdfVm2Q8q.iIIOiY.\n    ssh_authorized_keys: \n      - ssh-ed25519 AAAAC3NzaC1lZDI1NTE5AAAAIHhDDEDtMZlS6WijXJ4Fd9fH7i7e6Gd0IZGzIztC5cTE alvesmarcelocf@proton.me\n\npackage_update: true\npackage_upgrade: true\n",
            "vars": null
          },
          "sensitive_attributes": [],
          "identity_schema_version": 0
        }
      ]
    },
    {
      "mode": "managed",
      "type": "libvirt_cloudinit_disk",
      "name": "commoninit",
      "provider": "provider[\"registry.terraform.io/dmacvicar/libvirt\"]",
      "instances": [
        {
          "schema_version": 0,
          "attributes": {
            "id": "/var/lib/libvirt/images/archlinux-cloudinit.iso;2cd7c04c-d32a-407f-8bf0-c0218eedb9de",
            "meta_data": "",
            "name": "archlinux-cloudinit.iso",
            "network_config": "",
            "pool": "default",
            "user_data": "#cloud-config\nhostname: archlinux\n\nssh_pwauth: false\nallow_public_ssh_keys: true\n\nusers:\n  - name: archlinux\n    shell: /bin/bash\n    sudo: \"ALL=(ALL) NOPASSWD:ALL\"\n    groups: wheel\n    lock_passwd: false\n    passwd: $6$hoEyHGCs56ArGwAK$XTGggRyGn97UaP1SmRQVYXz/bcyUhxYRVLomV101w0SWJKF2TqpCpeQvyPmqcEHyzNgNPsdfVm2Q8q.iIIOiY.\n    ssh_authorized_keys: \n      - ssh-ed25519 AAAAC3NzaC1lZDI1NTE5AAAAIHhDDEDtMZlS6WijXJ4Fd9fH7i7e6Gd0IZGzIztC5cTE alvesmarcelocf@proton.me\n\npackage_update: true\npackage_upgrade: true\n"
          },
          "sensitive_attributes": [],
          "identity_schema_version": 0,
          "private": "bnVsbA==",
          "dependencies": [
            "data.template_file.user_data"
          ]
        }
      ]
    },
    {
      "mode": "managed",
      "type": "libvirt_domain",
      "name": "archlinux",
      "provider": "provider[\"registry.terraform.io/dmacvicar/libvirt\"]",
      "instances": [
        {
          "schema_version": 0,
          "attributes": {
            "arch": "x86_64",
            "autostart": false,
            "boot_device": [
              {
                "dev": [
                  "hd"
                ]
              }
            ],
            "cloudinit": "/var/lib/libvirt/images/archlinux-cloudinit.iso;2cd7c04c-d32a-407f-8bf0-c0218eedb9de",
            "cmdline": null,
            "console": [
              {
                "source_host": "127.0.0.1",
                "source_path": "",
                "source_service": "0",
                "target_port": "0",
                "target_type": "serial",
                "type": "pty"
              }
            ],
            "coreos_ignition": null,
            "cpu": [
              {
                "mode": "host-passthrough"
              }
            ],
            "description": "",
            "disk": [
              {
                "block_device": "",
                "file": "",
                "scsi": true,
                "url": "",
                "volume_id": "/var/lib/libvirt/images/archlinux.qcow2",
                "wwn": "05abcde627e3b1b3"
              }
            ],
            "emulator": "/run/libvirt/nix-emulators/qemu-system-x86_64",
            "filesystem": [],
            "firmware": null,
            "fw_cfg_name": "opt/com.coreos/config",
            "graphics": [
              {
                "autoport": true,
                "listen_address": "127.0.0.1",
                "listen_type": "none",
                "type": "spice",
                "websocket": 0
              }
            ],
            "id": "5392ecc8-c6dd-457c-8cbf-a47d7eb3cc92",
            "initrd": "",
            "kernel": "",
            "machine": "q35",
            "memory": 8192,
            "metadata": null,
            "name": "archlinux",
            "network_interface": [
              {
                "addresses": [],
                "bridge": "",
                "hostname": "archlinux",
                "mac": "52:54:00:16:FA:75",
                "macvtap": "",
                "network_id": "02c819d1-c8ae-4d54-8045-6b31141b9cbb",
                "network_name": "default",
                "passthrough": "",
                "private": "",
                "vepa": "",
                "wait_for_lease": false
              }
            ],
            "nvram": null,
            "qemu_agent": false,
            "running": false,
            "timeouts": null,
            "tpm": [],
            "type": "kvm",
            "vcpu": 2,
            "video": [
              {
                "type": "virtio"
              }
            ],
            "xml": [
              {
                "xslt": "\u003c?xml version=\"1.0\" ?\u003e\n\u003cxsl:stylesheet version=\"1.0\"\n                xmlns:xsl=\"http://www.w3.org/1999/XSL/Transform\"\u003e\n  \u003cxsl:output omit-xml-declaration=\"yes\" indent=\"yes\"/\u003e\n  \u003cxsl:template match=\"node()|@*\"\u003e\n     \u003cxsl:copy\u003e\n       \u003cxsl:apply-templates select=\"node()|@*\"/\u003e\n     \u003c/xsl:copy\u003e\n  \u003c/xsl:template\u003e\n\n  \u003cxsl:template match=\"/domain/devices/disk[@device='cdrom']/target/@bus\"\u003e\n    \u003cxsl:attribute name=\"bus\"\u003e\n      \u003cxsl:value-of select=\"'sata'\"/\u003e\n    \u003c/xsl:attribute\u003e\n  \u003c/xsl:template\u003e\n\n\u003c/xsl:stylesheet\u003e"
              }
            ]
          },
          "sensitive_attributes": [],
          "identity_schema_version": 0,
          "private": "eyJlMmJmYjczMC1lY2FhLTExZTYtOGY4OC0zNDM2M2JjN2M0YzAiOnsiY3JlYXRlIjozMDAwMDAwMDAwMDB9fQ==",
          "dependencies": [
            "data.template_file.user_data",
            "libvirt_cloudinit_disk.commoninit",
            "libvirt_volume.archlinux_base",
            "libvirt_volume.archlinux_disk"
          ]
        }
      ]
    },
    {
      "mode": "managed",
      "type": "libvirt_volume",
      "name": "archlinux_base",
      "provider": "provider[\"registry.terraform.io/dmacvicar/libvirt\"]",
      "instances": [
        {
          "schema_version": 0,
          "attributes": {
            "base_volume_id": null,
            "base_volume_name": null,
            "base_volume_pool": null,
            "format": "qcow2",
            "id": "/var/lib/libvirt/images/archlinux",
            "name": "archlinux",
            "pool": "default",
            "size": 2147483648,
            "source": "https://geo.mirror.pkgbuild.com/images/latest/Arch-Linux-x86_64-cloudimg.qcow2",
            "xml": []
          },
          "sensitive_attributes": [],
          "identity_schema_version": 0,
          "private": "bnVsbA=="
        }
      ]
    },
    {
      "mode": "managed",
      "type": "libvirt_volume",
      "name": "archlinux_disk",
      "provider": "provider[\"registry.terraform.io/dmacvicar/libvirt\"]",
      "instances": [
        {
          "schema_version": 0,
          "attributes": {
            "base_volume_id": "/var/lib/libvirt/images/archlinux",
            "base_volume_name": null,
            "base_volume_pool": null,
            "format": "qcow2",
            "id": "/var/lib/libvirt/images/archlinux.qcow2",
            "name": "archlinux.qcow2",
            "pool": "default",
            "size": 21474836480,
            "source": null,
            "xml": []
          },
          "sensitive_attributes": [],
          "identity_schema_version": 0,
          "private": "bnVsbA==",
          "dependencies": [
            "libvirt_volume.archlinux_base"
          ]
        }
      ]
    }
  ],
  "check_results": null
}
