{
  "version": 4,
  "terraform_version": "1.13.3",
  "serial": 16,
  "lineage": "894518b6-649f-bd87-b0bd-1d444d156ee7",
  "outputs": {},
  "resources": [
    {
      "mode": "data",
      "type": "template_file",
      "name": "user_data",
      "provider": "provider[\"registry.terraform.io/hashicorp/template\"]",
      "instances": [
        {
          "schema_version": 0,
          "attributes": {
            "filename": null,
            "id": "c4cf7c207129531097b9f687558997426da02aaa454dc7652ab7bf65621a6a7c",
            "rendered": "#cloud-config\nhostname: archlinux\n\nssh_pwauth: false\nallow_public_ssh_keys: true\n\nusers:\n  - name: archlinux\n    shell: /bin/bash\n    sudo: \"ALL=(ALL) NOPASSWD:ALL\"\n    groups: wheel\n    lock_passwd: false\n    passwd: $6$hoEyHGCs56ArGwAK$XTGggRyGn97UaP1SmRQVYXz/bcyUhxYRVLomV101w0SWJKF2TqpCpeQvyPmqcEHyzNgNPsdfVm2Q8q.iIIOiY.\n    ssh_authorized_keys: \n      - ssh-ed25519 AAAAC3NzaC1lZDI1NTE5AAAAIHhDDEDtMZlS6WijXJ4Fd9fH7i7e6Gd0IZGzIztC5cTE alvesmarcelocf@proton.me\n\npackage_update: true\npackage_upgrade: true\n",
            "template": "#cloud-config\nhostname: archlinux\n\nssh_pwauth: false\nallow_public_ssh_keys: true\n\nusers:\n  - name: archlinux\n    shell: /bin/bash\n    sudo: \"ALL=(ALL) NOPASSWD:ALL\"\n    groups: wheel\n    lock_passwd: false\n    passwd: $6$hoEyHGCs56ArGwAK$XTGggRyGn97UaP1SmRQVYXz/bcyUhxYRVLomV101w0SWJKF2TqpCpeQvyPmqcEHyzNgNPsdfVm2Q8q.iIIOiY.\n    ssh_authorized_keys: \n      - ssh-ed25519 AAAAC3NzaC1lZDI1NTE5AAAAIHhDDEDtMZlS6WijXJ4Fd9fH7i7e6Gd0IZGzIztC5cTE alvesmarcelocf@proton.me\n\npackage_update: true\npackage_upgrade: true\n",
            "vars": null
          },
          "sensitive_attributes": [],
          "identity_schema_version": 0
        }
      ]
    },
    {
      "mode": "managed",
      "type": "libvirt_cloudinit_disk",
      "name": "commoninit",
      "provider": "provider[\"registry.terraform.io/dmacvicar/libvirt\"]",
      "instances": [
        {
          "schema_version": 0,
          "attributes": {
            "id": "/var/lib/libvirt/images/archlinux-cloudinit.iso;2cd7c04c-d32a-407f-8bf0-c0218eedb9de",
            "meta_data": "",
            "name": "archlinux-cloudinit.iso",
            "network_config": "",
            "pool": "default",
            "user_data": "#cloud-config\nhostname: archlinux\n\nssh_pwauth: false\nallow_public_ssh_keys: true\n\nusers:\n  - name: archlinux\n    shell: /bin/bash\n    sudo: \"ALL=(ALL) NOPASSWD:ALL\"\n    groups: wheel\n    lock_passwd: false\n    passwd: $6$hoEyHGCs56ArGwAK$XTGggRyGn97UaP1SmRQVYXz/bcyUhxYRVLomV101w0SWJKF2TqpCpeQvyPmqcEHyzNgNPsdfVm2Q8q.iIIOiY.\n    ssh_authorized_keys: \n      - ssh-ed25519 AAAAC3NzaC1lZDI1NTE5AAAAIHhDDEDtMZlS6WijXJ4Fd9fH7i7e6Gd0IZGzIztC5cTE alvesmarcelocf@proton.me\n\npackage_update: true\npackage_upgrade: true\n"
          },
          "sensitive_attributes": [],
          "identity_schema_version": 0,
          "private": "bnVsbA==",
          "dependencies": [
            "data.template_file.user_data"
          ]
        }
      ]
    },
    {
      "mode": "managed",
      "type": "libvirt_volume",
      "name": "archlinux_base",
      "provider": "provider[\"registry.terraform.io/dmacvicar/libvirt\"]",
      "instances": [
        {
          "schema_version": 0,
          "attributes": {
            "base_volume_id": null,
            "base_volume_name": null,
            "base_volume_pool": null,
            "format": "qcow2",
            "id": "/var/lib/libvirt/images/archlinux",
            "name": "archlinux",
            "pool": "default",
            "size": 2147483648,
            "source": "https://geo.mirror.pkgbuild.com/images/latest/Arch-Linux-x86_64-cloudimg.qcow2",
            "xml": []
          },
          "sensitive_attributes": [],
          "identity_schema_version": 0,
          "private": "bnVsbA=="
        }
      ]
    },
    {
      "mode": "managed",
      "type": "libvirt_volume",
      "name": "archlinux_disk",
      "provider": "provider[\"registry.terraform.io/dmacvicar/libvirt\"]",
      "instances": [
        {
          "schema_version": 0,
          "attributes": {
            "base_volume_id": "/var/lib/libvirt/images/archlinux",
            "base_volume_name": null,
            "base_volume_pool": null,
            "format": "qcow2",
            "id": "/var/lib/libvirt/images/archlinux.qcow2",
            "name": "archlinux.qcow2",
            "pool": "default",
            "size": 21474836480,
            "source": null,
            "xml": []
          },
          "sensitive_attributes": [],
          "identity_schema_version": 0,
          "private": "bnVsbA==",
          "dependencies": [
            "libvirt_volume.archlinux_base"
          ]
        }
      ]
    }
  ],
  "check_results": null
}
