{
  "version": 4,
  "terraform_version": "1.13.3",
  "serial": 148,
  "lineage": "a8c4e7c6-42ad-071f-ad4f-1cf236387545",
  "outputs": {},
  "resources": [
    {
      "mode": "data",
      "type": "template_file",
      "name": "user_data",
      "provider": "provider[\"registry.terraform.io/hashicorp/template\"]",
      "instances": [
        {
          "schema_version": 0,
          "attributes": {
            "filename": null,
            "id": "b3d0ef16fb0f90f0913bf78c76729ec84e15e699fe865ed768e4b11457628609",
            "rendered": "#cloud-config\nhostname: ubuntu-2404\n\nssh_pwauth: false\nallow_public_ssh_keys: true\n\nusers:\n  - name: ubuntu\n    shell: /bin/bash\n    sudo: \"ALL=(ALL) NOPASSWD:ALL\"\n    groups: users, admin\n    lock_passwd: false\n    passwd: $6$hoEyHGCs56ArGwAK$XTGggRyGn97UaP1SmRQVYXz/bcyUhxYRVLomV101w0SWJKF2TqpCpeQvyPmqcEHyzNgNPsdfVm2Q8q.iIIOiY.\n    ssh_authorized_keys: \n      - ssh-ed25519 AAAAC3NzaC1lZDI1NTE5AAAAIHhDDEDtMZlS6WijXJ4Fd9fH7i7e6Gd0IZGzIztC5cTE alvesmarcelocf@proton.me\n\npackage_update: true\npackage_upgrade: true\n",
            "template": "#cloud-config\nhostname: ubuntu-2404\n\nssh_pwauth: false\nallow_public_ssh_keys: true\n\nusers:\n  - name: ubuntu\n    shell: /bin/bash\n    sudo: \"ALL=(ALL) NOPASSWD:ALL\"\n    groups: users, admin\n    lock_passwd: false\n    passwd: $6$hoEyHGCs56ArGwAK$XTGggRyGn97UaP1SmRQVYXz/bcyUhxYRVLomV101w0SWJKF2TqpCpeQvyPmqcEHyzNgNPsdfVm2Q8q.iIIOiY.\n    ssh_authorized_keys: \n      - ssh-ed25519 AAAAC3NzaC1lZDI1NTE5AAAAIHhDDEDtMZlS6WijXJ4Fd9fH7i7e6Gd0IZGzIztC5cTE alvesmarcelocf@proton.me\n\npackage_update: true\npackage_upgrade: true\n",
            "vars": null
          },
          "sensitive_attributes": [],
          "identity_schema_version": 0
        }
      ]
    },
    {
      "mode": "managed",
      "type": "libvirt_cloudinit_disk",
      "name": "commoninit",
      "provider": "provider[\"registry.terraform.io/dmacvicar/libvirt\"]",
      "instances": [
        {
          "schema_version": 0,
          "attributes": {
            "id": "/var/lib/libvirt/images/ubuntu-2404-cloudinit.iso;80e3792d-23e5-4255-8e0f-7d295bc15e95",
            "meta_data": "",
            "name": "ubuntu-2404-cloudinit.iso",
            "network_config": "",
            "pool": "default",
            "user_data": "#cloud-config\nhostname: ubuntu-2404\n\nssh_pwauth: false\nallow_public_ssh_keys: true\n\nusers:\n  - name: ubuntu\n    shell: /bin/bash\n    sudo: \"ALL=(ALL) NOPASSWD:ALL\"\n    groups: users, admin\n    lock_passwd: false\n    passwd: $6$hoEyHGCs56ArGwAK$XTGggRyGn97UaP1SmRQVYXz/bcyUhxYRVLomV101w0SWJKF2TqpCpeQvyPmqcEHyzNgNPsdfVm2Q8q.iIIOiY.\n    ssh_authorized_keys: \n      - ssh-ed25519 AAAAC3NzaC1lZDI1NTE5AAAAIHhDDEDtMZlS6WijXJ4Fd9fH7i7e6Gd0IZGzIztC5cTE alvesmarcelocf@proton.me\n\npackage_update: true\npackage_upgrade: true\n"
          },
          "sensitive_attributes": [],
          "identity_schema_version": 0,
          "private": "bnVsbA==",
          "dependencies": [
            "data.template_file.user_data"
          ]
        }
      ]
    },
    {
      "mode": "managed",
      "type": "libvirt_volume",
      "name": "ubuntu_base",
      "provider": "provider[\"registry.terraform.io/dmacvicar/libvirt\"]",
      "instances": [
        {
          "schema_version": 0,
          "attributes": {
            "base_volume_id": null,
            "base_volume_name": null,
            "base_volume_pool": null,
            "format": "qcow2",
            "id": "/var/lib/libvirt/images/ubuntu-2404",
            "name": "ubuntu-2404",
            "pool": "default",
            "size": 3758096384,
            "source": "https://cloud-images.ubuntu.com/noble/current/noble-server-cloudimg-amd64.img",
            "xml": []
          },
          "sensitive_attributes": [],
          "identity_schema_version": 0,
          "private": "bnVsbA=="
        }
      ]
    },
    {
      "mode": "managed",
      "type": "libvirt_volume",
      "name": "ubuntu_disk",
      "provider": "provider[\"registry.terraform.io/dmacvicar/libvirt\"]",
      "instances": [
        {
          "schema_version": 0,
          "attributes": {
            "base_volume_id": "/var/lib/libvirt/images/ubuntu-2404",
            "base_volume_name": null,
            "base_volume_pool": null,
            "format": "qcow2",
            "id": "/var/lib/libvirt/images/ubuntu-2404.qcow2",
            "name": "ubuntu-2404.qcow2",
            "pool": "default",
            "size": 42949672960,
            "source": null,
            "xml": []
          },
          "sensitive_attributes": [],
          "identity_schema_version": 0,
          "private": "bnVsbA==",
          "dependencies": [
            "libvirt_volume.ubuntu_base"
          ]
        }
      ]
    }
  ],
  "check_results": null
}
