{
  "version": 4,
  "terraform_version": "1.13.3",
  "serial": 141,
  "lineage": "a8c4e7c6-42ad-071f-ad4f-1cf236387545",
  "outputs": {},
  "resources": [
    {
      "mode": "data",
      "type": "template_file",
      "name": "user_data",
      "provider": "provider[\"registry.terraform.io/hashicorp/template\"]",
      "instances": [
        {
          "schema_version": 0,
          "attributes": {
            "filename": null,
            "id": "b3d0ef16fb0f90f0913bf78c76729ec84e15e699fe865ed768e4b11457628609",
            "rendered": "#cloud-config\nhostname: ubuntu-2404\n\nssh_pwauth: false\nallow_public_ssh_keys: true\n\nusers:\n  - name: ubuntu\n    shell: /bin/bash\n    sudo: \"ALL=(ALL) NOPASSWD:ALL\"\n    groups: users, admin\n    lock_passwd: false\n    passwd: $6$hoEyHGCs56ArGwAK$XTGggRyGn97UaP1SmRQVYXz/bcyUhxYRVLomV101w0SWJKF2TqpCpeQvyPmqcEHyzNgNPsdfVm2Q8q.iIIOiY.\n    ssh_authorized_keys: \n      - ssh-ed25519 AAAAC3NzaC1lZDI1NTE5AAAAIHhDDEDtMZlS6WijXJ4Fd9fH7i7e6Gd0IZGzIztC5cTE alvesmarcelocf@proton.me\n\npackage_update: true\npackage_upgrade: true\n",
            "template": "#cloud-config\nhostname: ubuntu-2404\n\nssh_pwauth: false\nallow_public_ssh_keys: true\n\nusers:\n  - name: ubuntu\n    shell: /bin/bash\n    sudo: \"ALL=(ALL) NOPASSWD:ALL\"\n    groups: users, admin\n    lock_passwd: false\n    passwd: $6$hoEyHGCs56ArGwAK$XTGggRyGn97UaP1SmRQVYXz/bcyUhxYRVLomV101w0SWJKF2TqpCpeQvyPmqcEHyzNgNPsdfVm2Q8q.iIIOiY.\n    ssh_authorized_keys: \n      - ssh-ed25519 AAAAC3NzaC1lZDI1NTE5AAAAIHhDDEDtMZlS6WijXJ4Fd9fH7i7e6Gd0IZGzIztC5cTE alvesmarcelocf@proton.me\n\npackage_update: true\npackage_upgrade: true\n",
            "vars": null
          },
          "sensitive_attributes": [],
          "identity_schema_version": 0
        }
      ]
    },
    {
      "mode": "managed",
      "type": "libvirt_cloudinit_disk",
      "name": "commoninit",
      "provider": "provider[\"registry.terraform.io/dmacvicar/libvirt\"]",
      "instances": [
        {
          "schema_version": 0,
          "attributes": {
            "id": "/var/lib/libvirt/images/ubuntu-2404-cloudinit.iso;1731d387-1e70-42a4-9ede-4ada224369b2",
            "meta_data": "",
            "name": "ubuntu-2404-cloudinit.iso",
            "network_config": "",
            "pool": "default",
            "user_data": "#cloud-config\nhostname: ubuntu-2404\n\nssh_pwauth: false\nallow_public_ssh_keys: true\n\nusers:\n  - name: ubuntu\n    shell: /bin/bash\n    sudo: \"ALL=(ALL) NOPASSWD:ALL\"\n    groups: users, admin\n    lock_passwd: false\n    passwd: $6$hoEyHGCs56ArGwAK$XTGggRyGn97UaP1SmRQVYXz/bcyUhxYRVLomV101w0SWJKF2TqpCpeQvyPmqcEHyzNgNPsdfVm2Q8q.iIIOiY.\n    ssh_authorized_keys: \n      - ssh-ed25519 AAAAC3NzaC1lZDI1NTE5AAAAIHhDDEDtMZlS6WijXJ4Fd9fH7i7e6Gd0IZGzIztC5cTE alvesmarcelocf@proton.me\n\npackage_update: true\npackage_upgrade: true\n"
          },
          "sensitive_attributes": [],
          "identity_schema_version": 0,
          "private": "bnVsbA==",
          "dependencies": [
            "data.template_file.user_data"
          ]
        }
      ]
    },
    {
      "mode": "managed",
      "type": "libvirt_domain",
      "name": "ubuntu",
      "provider": "provider[\"registry.terraform.io/dmacvicar/libvirt\"]",
      "instances": [
        {
          "schema_version": 0,
          "attributes": {
            "arch": "x86_64",
            "autostart": false,
            "boot_device": [
              {
                "dev": [
                  "hd"
                ]
              }
            ],
            "cloudinit": "/var/lib/libvirt/images/ubuntu-2404-cloudinit.iso;1731d387-1e70-42a4-9ede-4ada224369b2",
            "cmdline": null,
            "console": [
              {
                "source_host": "127.0.0.1",
                "source_path": "",
                "source_service": "0",
                "target_port": "0",
                "target_type": "serial",
                "type": "pty"
              }
            ],
            "coreos_ignition": null,
            "cpu": [
              {
                "mode": "host-passthrough"
              }
            ],
            "description": "",
            "disk": [
              {
                "block_device": "",
                "file": "",
                "scsi": false,
                "url": "",
                "volume_id": "/var/lib/libvirt/images/ubuntu-2404.qcow2",
                "wwn": ""
              }
            ],
            "emulator": "/usr/bin/qemu-system-x86_64",
            "filesystem": [],
            "firmware": null,
            "fw_cfg_name": "opt/com.coreos/config",
            "graphics": [
              {
                "autoport": true,
                "listen_address": "127.0.0.1",
                "listen_type": "none",
                "type": "spice",
                "websocket": 0
              }
            ],
            "id": "254979f7-8487-49d3-880c-c3b754cb2676",
            "initrd": "",
            "kernel": "",
            "machine": "pc",
            "memory": 4096,
            "metadata": null,
            "name": "ubuntu-2404",
            "network_interface": [
              {
                "addresses": [],
                "bridge": "",
                "hostname": "ubuntu-2404",
                "mac": "52:54:00:1A:3B:96",
                "macvtap": "",
                "network_id": "18e10201-1d3d-4dfb-800b-2a6828ed0516",
                "network_name": "default",
                "passthrough": "",
                "private": "",
                "vepa": "",
                "wait_for_lease": false
              }
            ],
            "nvram": null,
            "qemu_agent": false,
            "running": false,
            "timeouts": null,
            "tpm": [],
            "type": "kvm",
            "vcpu": 2,
            "video": [
              {
                "type": "virtio"
              }
            ],
            "xml": []
          },
          "sensitive_attributes": [],
          "identity_schema_version": 0,
          "private": "eyJlMmJmYjczMC1lY2FhLTExZTYtOGY4OC0zNDM2M2JjN2M0YzAiOnsiY3JlYXRlIjozMDAwMDAwMDAwMDB9fQ==",
          "dependencies": [
            "data.template_file.user_data",
            "libvirt_cloudinit_disk.commoninit",
            "libvirt_volume.ubuntu_base",
            "libvirt_volume.ubuntu_disk"
          ]
        }
      ]
    },
    {
      "mode": "managed",
      "type": "libvirt_volume",
      "name": "ubuntu_base",
      "provider": "provider[\"registry.terraform.io/dmacvicar/libvirt\"]",
      "instances": [
        {
          "schema_version": 0,
          "attributes": {
            "base_volume_id": null,
            "base_volume_name": null,
            "base_volume_pool": null,
            "format": "qcow2",
            "id": "/var/lib/libvirt/images/ubuntu-2404",
            "name": "ubuntu-2404",
            "pool": "default",
            "size": 3758096384,
            "source": "https://cloud-images.ubuntu.com/noble/current/noble-server-cloudimg-amd64.img",
            "xml": []
          },
          "sensitive_attributes": [],
          "identity_schema_version": 0,
          "private": "bnVsbA=="
        }
      ]
    },
    {
      "mode": "managed",
      "type": "libvirt_volume",
      "name": "ubuntu_disk",
      "provider": "provider[\"registry.terraform.io/dmacvicar/libvirt\"]",
      "instances": [
        {
          "schema_version": 0,
          "attributes": {
            "base_volume_id": "/var/lib/libvirt/images/ubuntu-2404",
            "base_volume_name": null,
            "base_volume_pool": null,
            "format": "qcow2",
            "id": "/var/lib/libvirt/images/ubuntu-2404.qcow2",
            "name": "ubuntu-2404.qcow2",
            "pool": "default",
            "size": 42949672960,
            "source": null,
            "xml": []
          },
          "sensitive_attributes": [],
          "identity_schema_version": 0,
          "private": "bnVsbA==",
          "dependencies": [
            "libvirt_volume.ubuntu_base"
          ]
        }
      ]
    }
  ],
  "check_results": null
}
